
Microsoft Visual Studio Solution File, Format Version 12.00
Project("{FAE04EC0-301F-11D3-BF4B-00C04F79EFBC}") = "DungeonMasterCharGenerator", "DungeonMasterCharGenerator\DungeonMasterCharGenerator.csproj", "{F9669604-875E-42A4-9E7D-50FDB1A29787}"
EndProject
Global
	GlobalSection(SolutionConfigurationPlatforms) = preSolution
		Debug|Any CPU = Debug|Any CPU
		Release|Any CPU = Release|Any CPU
	EndGlobalSection
	GlobalSection(ProjectConfigurationPlatforms) = postSolution
		{F9669604-875E-42A4-9E7D-50FDB1A29787}.Debug|Any CPU.ActiveCfg = Debug|Any CPU
		{F9669604-875E-42A4-9E7D-50FDB1A29787}.Debug|Any CPU.Build.0 = Debug|Any CPU
		{F9669604-875E-42A4-9E7D-50FDB1A29787}.Release|Any CPU.ActiveCfg = Release|Any CPU
		{F9669604-875E-42A4-9E7D-50FDB1A29787}.Release|Any CPU.Build.0 = Release|Any CPU
	EndGlobalSection
EndGlobal
